
Microsoft Visual Studio Solution File, Format Version 12.00
# Visual Studio Version 16
VisualStudioVersion = 16.0.30128.74
MinimumVisualStudioVersion = 10.0.40219.1
Project("{2150E333-8FDC-42A3-9474-1A3956D46DE8}") = "1. SOLID principles", "1. SOLID principles", "{EC6C388A-B1F6-415E-89E3-B3E0ED853883}"
EndProject
Project("{9A19103F-16F7-4668-BE54-9A1E7A4F7556}") = "SingleResponsibilityPrinciple", "SingleResponsibilityPrinciple\SingleResponsibilityPrinciple.csproj", "{6ADCE98C-E86E-4BB5-817D-00578B4C1EB8}"
EndProject
Project("{9A19103F-16F7-4668-BE54-9A1E7A4F7556}") = "OpenClosedPrinciple", "OpenClosedPrinciple\OpenClosedPrinciple.csproj", "{B1EFBEB3-C82C-41CB-9E34-9BF83F42E734}"
EndProject
Project("{9A19103F-16F7-4668-BE54-9A1E7A4F7556}") = "LiskovSubstitutionPrinciple", "LiskovSubstitutionPrinciple\LiskovSubstitutionPrinciple.csproj", "{D8DB3C03-DFF2-4E38-B7B7-FEDE120FC2C3}"
EndProject
Project("{9A19103F-16F7-4668-BE54-9A1E7A4F7556}") = "InterfaceSegragationPrinciple", "InterfaceSegragationPrinciple\InterfaceSegragationPrinciple.csproj", "{EA9E2081-BED4-40BD-82C5-B2E711A85658}"
EndProject
Project("{9A19103F-16F7-4668-BE54-9A1E7A4F7556}") = "DependencyInversionPrinciple", "DependencyInversionPrinciple\DependencyInversionPrinciple.csproj", "{CEDBCCBD-380C-4105-B114-2775F4BF71E7}"
EndProject
Project("{2150E333-8FDC-42A3-9474-1A3956D46DE8}") = "2. Builder", "2. Builder", "{37D526B5-3BFE-4A4D-9298-2517131E5FEA}"
EndProject
Project("{9A19103F-16F7-4668-BE54-9A1E7A4F7556}") = "Builder", "Builder\Builder.csproj", "{DD64D100-AD28-43D2-BA85-E6F9E68D7116}"
EndProject
Project("{2150E333-8FDC-42A3-9474-1A3956D46DE8}") = "3. Factory", "3. Factory", "{FE866F6F-0FCC-4829-B835-8815B1A3830B}"
EndProject
Project("{9A19103F-16F7-4668-BE54-9A1E7A4F7556}") = "FactoryMethod", "FactoryMethod\FactoryMethod.csproj", "{098B718E-3646-47BD-B9D8-3B2AD38F1531}"
EndProject
Project("{9A19103F-16F7-4668-BE54-9A1E7A4F7556}") = "AbstractFactory", "AbstractFactory\AbstractFactory.csproj", "{4B89BC68-CCE9-4A02-8B81-52E229E4F4CB}"
EndProject
Project("{2150E333-8FDC-42A3-9474-1A3956D46DE8}") = "4. Prototype", "4. Prototype", "{A521AF1E-DEB5-4679-AF19-1152F5D96EF7}"
EndProject
Project("{9A19103F-16F7-4668-BE54-9A1E7A4F7556}") = "PrototypePattern.CopyConstructors", "PrototypePattern\PrototypePattern.CopyConstructors.csproj", "{D7FC2368-F8D4-475C-B0D9-4CF088E6348D}"
EndProject
Project("{9A19103F-16F7-4668-BE54-9A1E7A4F7556}") = "PrototypePattern.DeepCopyInterface", "PrototypePattern.DeepCopyInterface\PrototypePattern.DeepCopyInterface.csproj", "{57947CB4-48FF-42D7-988F-B3C5E01C0E53}"
EndProject
Project("{9A19103F-16F7-4668-BE54-9A1E7A4F7556}") = "PrototypePattern.CopyThroughSerialization", "PrototypePattern.CopyThroughSerialization\PrototypePattern.CopyThroughSerialization.csproj", "{8B446804-6669-4466-A84B-DD15955AF962}"
EndProject
Project("{2150E333-8FDC-42A3-9474-1A3956D46DE8}") = "Singleton", "Singleton", "{0225AB3E-341E-4FB3-BF80-4C757A0DF40A}"
EndProject
Project("{FAE04EC0-301F-11D3-BF4B-00C04F79EFBC}") = "Singleton.Implementation", "Singleton.Implementation\Singleton.Implementation.csproj", "{4BAF70EC-3DD6-4D44-835B-39BC422A8F88}"
EndProject
Global
	GlobalSection(SolutionConfigurationPlatforms) = preSolution
		Debug|Any CPU = Debug|Any CPU
		Release|Any CPU = Release|Any CPU
	EndGlobalSection
	GlobalSection(ProjectConfigurationPlatforms) = postSolution
		{6ADCE98C-E86E-4BB5-817D-00578B4C1EB8}.Debug|Any CPU.ActiveCfg = Debug|Any CPU
		{6ADCE98C-E86E-4BB5-817D-00578B4C1EB8}.Debug|Any CPU.Build.0 = Debug|Any CPU
		{6ADCE98C-E86E-4BB5-817D-00578B4C1EB8}.Release|Any CPU.ActiveCfg = Release|Any CPU
		{6ADCE98C-E86E-4BB5-817D-00578B4C1EB8}.Release|Any CPU.Build.0 = Release|Any CPU
		{B1EFBEB3-C82C-41CB-9E34-9BF83F42E734}.Debug|Any CPU.ActiveCfg = Debug|Any CPU
		{B1EFBEB3-C82C-41CB-9E34-9BF83F42E734}.Debug|Any CPU.Build.0 = Debug|Any CPU
		{B1EFBEB3-C82C-41CB-9E34-9BF83F42E734}.Release|Any CPU.ActiveCfg = Release|Any CPU
		{B1EFBEB3-C82C-41CB-9E34-9BF83F42E734}.Release|Any CPU.Build.0 = Release|Any CPU
		{D8DB3C03-DFF2-4E38-B7B7-FEDE120FC2C3}.Debug|Any CPU.ActiveCfg = Debug|Any CPU
		{D8DB3C03-DFF2-4E38-B7B7-FEDE120FC2C3}.Debug|Any CPU.Build.0 = Debug|Any CPU
		{D8DB3C03-DFF2-4E38-B7B7-FEDE120FC2C3}.Release|Any CPU.ActiveCfg = Release|Any CPU
		{D8DB3C03-DFF2-4E38-B7B7-FEDE120FC2C3}.Release|Any CPU.Build.0 = Release|Any CPU
		{EA9E2081-BED4-40BD-82C5-B2E711A85658}.Debug|Any CPU.ActiveCfg = Debug|Any CPU
		{EA9E2081-BED4-40BD-82C5-B2E711A85658}.Debug|Any CPU.Build.0 = Debug|Any CPU
		{EA9E2081-BED4-40BD-82C5-B2E711A85658}.Release|Any CPU.ActiveCfg = Release|Any CPU
		{EA9E2081-BED4-40BD-82C5-B2E711A85658}.Release|Any CPU.Build.0 = Release|Any CPU
		{CEDBCCBD-380C-4105-B114-2775F4BF71E7}.Debug|Any CPU.ActiveCfg = Debug|Any CPU
		{CEDBCCBD-380C-4105-B114-2775F4BF71E7}.Debug|Any CPU.Build.0 = Debug|Any CPU
		{CEDBCCBD-380C-4105-B114-2775F4BF71E7}.Release|Any CPU.ActiveCfg = Release|Any CPU
		{CEDBCCBD-380C-4105-B114-2775F4BF71E7}.Release|Any CPU.Build.0 = Release|Any CPU
		{DD64D100-AD28-43D2-BA85-E6F9E68D7116}.Debug|Any CPU.ActiveCfg = Debug|Any CPU
		{DD64D100-AD28-43D2-BA85-E6F9E68D7116}.Debug|Any CPU.Build.0 = Debug|Any CPU
		{DD64D100-AD28-43D2-BA85-E6F9E68D7116}.Release|Any CPU.ActiveCfg = Release|Any CPU
		{DD64D100-AD28-43D2-BA85-E6F9E68D7116}.Release|Any CPU.Build.0 = Release|Any CPU
		{098B718E-3646-47BD-B9D8-3B2AD38F1531}.Debug|Any CPU.ActiveCfg = Debug|Any CPU
		{098B718E-3646-47BD-B9D8-3B2AD38F1531}.Debug|Any CPU.Build.0 = Debug|Any CPU
		{098B718E-3646-47BD-B9D8-3B2AD38F1531}.Release|Any CPU.ActiveCfg = Release|Any CPU
		{098B718E-3646-47BD-B9D8-3B2AD38F1531}.Release|Any CPU.Build.0 = Release|Any CPU
		{4B89BC68-CCE9-4A02-8B81-52E229E4F4CB}.Debug|Any CPU.ActiveCfg = Debug|Any CPU
		{4B89BC68-CCE9-4A02-8B81-52E229E4F4CB}.Debug|Any CPU.Build.0 = Debug|Any CPU
		{4B89BC68-CCE9-4A02-8B81-52E229E4F4CB}.Release|Any CPU.ActiveCfg = Release|Any CPU
		{4B89BC68-CCE9-4A02-8B81-52E229E4F4CB}.Release|Any CPU.Build.0 = Release|Any CPU
		{D7FC2368-F8D4-475C-B0D9-4CF088E6348D}.Debug|Any CPU.ActiveCfg = Debug|Any CPU
		{D7FC2368-F8D4-475C-B0D9-4CF088E6348D}.Debug|Any CPU.Build.0 = Debug|Any CPU
		{D7FC2368-F8D4-475C-B0D9-4CF088E6348D}.Release|Any CPU.ActiveCfg = Release|Any CPU
		{D7FC2368-F8D4-475C-B0D9-4CF088E6348D}.Release|Any CPU.Build.0 = Release|Any CPU
		{57947CB4-48FF-42D7-988F-B3C5E01C0E53}.Debug|Any CPU.ActiveCfg = Debug|Any CPU
		{57947CB4-48FF-42D7-988F-B3C5E01C0E53}.Debug|Any CPU.Build.0 = Debug|Any CPU
		{57947CB4-48FF-42D7-988F-B3C5E01C0E53}.Release|Any CPU.ActiveCfg = Release|Any CPU
		{57947CB4-48FF-42D7-988F-B3C5E01C0E53}.Release|Any CPU.Build.0 = Release|Any CPU
		{8B446804-6669-4466-A84B-DD15955AF962}.Debug|Any CPU.ActiveCfg = Debug|Any CPU
		{8B446804-6669-4466-A84B-DD15955AF962}.Debug|Any CPU.Build.0 = Debug|Any CPU
		{8B446804-6669-4466-A84B-DD15955AF962}.Release|Any CPU.ActiveCfg = Release|Any CPU
		{8B446804-6669-4466-A84B-DD15955AF962}.Release|Any CPU.Build.0 = Release|Any CPU
		{4BAF70EC-3DD6-4D44-835B-39BC422A8F88}.Debug|Any CPU.ActiveCfg = Debug|Any CPU
		{4BAF70EC-3DD6-4D44-835B-39BC422A8F88}.Debug|Any CPU.Build.0 = Debug|Any CPU
		{4BAF70EC-3DD6-4D44-835B-39BC422A8F88}.Release|Any CPU.ActiveCfg = Release|Any CPU
		{4BAF70EC-3DD6-4D44-835B-39BC422A8F88}.Release|Any CPU.Build.0 = Release|Any CPU
	EndGlobalSection
	GlobalSection(SolutionProperties) = preSolution
		HideSolutionNode = FALSE
	EndGlobalSection
	GlobalSection(NestedProjects) = preSolution
		{6ADCE98C-E86E-4BB5-817D-00578B4C1EB8} = {EC6C388A-B1F6-415E-89E3-B3E0ED853883}
		{B1EFBEB3-C82C-41CB-9E34-9BF83F42E734} = {EC6C388A-B1F6-415E-89E3-B3E0ED853883}
		{D8DB3C03-DFF2-4E38-B7B7-FEDE120FC2C3} = {EC6C388A-B1F6-415E-89E3-B3E0ED853883}
		{EA9E2081-BED4-40BD-82C5-B2E711A85658} = {EC6C388A-B1F6-415E-89E3-B3E0ED853883}
		{CEDBCCBD-380C-4105-B114-2775F4BF71E7} = {EC6C388A-B1F6-415E-89E3-B3E0ED853883}
		{DD64D100-AD28-43D2-BA85-E6F9E68D7116} = {37D526B5-3BFE-4A4D-9298-2517131E5FEA}
		{098B718E-3646-47BD-B9D8-3B2AD38F1531} = {FE866F6F-0FCC-4829-B835-8815B1A3830B}
		{4B89BC68-CCE9-4A02-8B81-52E229E4F4CB} = {FE866F6F-0FCC-4829-B835-8815B1A3830B}
		{D7FC2368-F8D4-475C-B0D9-4CF088E6348D} = {A521AF1E-DEB5-4679-AF19-1152F5D96EF7}
		{57947CB4-48FF-42D7-988F-B3C5E01C0E53} = {A521AF1E-DEB5-4679-AF19-1152F5D96EF7}
		{8B446804-6669-4466-A84B-DD15955AF962} = {A521AF1E-DEB5-4679-AF19-1152F5D96EF7}
		{4BAF70EC-3DD6-4D44-835B-39BC422A8F88} = {0225AB3E-341E-4FB3-BF80-4C757A0DF40A}
	EndGlobalSection
	GlobalSection(ExtensibilityGlobals) = postSolution
		SolutionGuid = {7545F495-6A28-45AE-A645-CE4DC3B877EF}
	EndGlobalSection
EndGlobal
