
Microsoft Visual Studio Solution File, Format Version 12.00
# Visual Studio Version 16
VisualStudioVersion = 16.0.30128.74
MinimumVisualStudioVersion = 10.0.40219.1
Project("{2150E333-8FDC-42A3-9474-1A3956D46DE8}") = "01. SOLID principles", "01. SOLID principles", "{EC6C388A-B1F6-415E-89E3-B3E0ED853883}"
EndProject
Project("{9A19103F-16F7-4668-BE54-9A1E7A4F7556}") = "SingleResponsibilityPrinciple", "SingleResponsibilityPrinciple\SingleResponsibilityPrinciple.csproj", "{6ADCE98C-E86E-4BB5-817D-00578B4C1EB8}"
EndProject
Project("{9A19103F-16F7-4668-BE54-9A1E7A4F7556}") = "OpenClosedPrinciple", "OpenClosedPrinciple\OpenClosedPrinciple.csproj", "{B1EFBEB3-C82C-41CB-9E34-9BF83F42E734}"
EndProject
Project("{9A19103F-16F7-4668-BE54-9A1E7A4F7556}") = "LiskovSubstitutionPrinciple", "LiskovSubstitutionPrinciple\LiskovSubstitutionPrinciple.csproj", "{D8DB3C03-DFF2-4E38-B7B7-FEDE120FC2C3}"
EndProject
Project("{9A19103F-16F7-4668-BE54-9A1E7A4F7556}") = "InterfaceSegragationPrinciple", "InterfaceSegragationPrinciple\InterfaceSegragationPrinciple.csproj", "{EA9E2081-BED4-40BD-82C5-B2E711A85658}"
EndProject
Project("{9A19103F-16F7-4668-BE54-9A1E7A4F7556}") = "DependencyInversionPrinciple", "DependencyInversionPrinciple\DependencyInversionPrinciple.csproj", "{CEDBCCBD-380C-4105-B114-2775F4BF71E7}"
EndProject
Project("{2150E333-8FDC-42A3-9474-1A3956D46DE8}") = "02. Builder", "02. Builder", "{37D526B5-3BFE-4A4D-9298-2517131E5FEA}"
EndProject
Project("{9A19103F-16F7-4668-BE54-9A1E7A4F7556}") = "Builder", "Builder\Builder.csproj", "{DD64D100-AD28-43D2-BA85-E6F9E68D7116}"
EndProject
Project("{2150E333-8FDC-42A3-9474-1A3956D46DE8}") = "03. Factory", "03. Factory", "{FE866F6F-0FCC-4829-B835-8815B1A3830B}"
EndProject
Project("{9A19103F-16F7-4668-BE54-9A1E7A4F7556}") = "FactoryMethod", "FactoryMethod\FactoryMethod.csproj", "{098B718E-3646-47BD-B9D8-3B2AD38F1531}"
EndProject
Project("{9A19103F-16F7-4668-BE54-9A1E7A4F7556}") = "AbstractFactory", "AbstractFactory\AbstractFactory.csproj", "{4B89BC68-CCE9-4A02-8B81-52E229E4F4CB}"
EndProject
Project("{2150E333-8FDC-42A3-9474-1A3956D46DE8}") = "04. Prototype", "04. Prototype", "{A521AF1E-DEB5-4679-AF19-1152F5D96EF7}"
EndProject
Project("{9A19103F-16F7-4668-BE54-9A1E7A4F7556}") = "PrototypePattern.CopyConstructors", "PrototypePattern\PrototypePattern.CopyConstructors.csproj", "{D7FC2368-F8D4-475C-B0D9-4CF088E6348D}"
EndProject
Project("{9A19103F-16F7-4668-BE54-9A1E7A4F7556}") = "PrototypePattern.DeepCopyInterface", "PrototypePattern.DeepCopyInterface\PrototypePattern.DeepCopyInterface.csproj", "{57947CB4-48FF-42D7-988F-B3C5E01C0E53}"
EndProject
Project("{9A19103F-16F7-4668-BE54-9A1E7A4F7556}") = "PrototypePattern.CopyThroughSerialization", "PrototypePattern.CopyThroughSerialization\PrototypePattern.CopyThroughSerialization.csproj", "{8B446804-6669-4466-A84B-DD15955AF962}"
EndProject
Project("{2150E333-8FDC-42A3-9474-1A3956D46DE8}") = "05. Singleton", "05. Singleton", "{0225AB3E-341E-4FB3-BF80-4C757A0DF40A}"
EndProject
Project("{9A19103F-16F7-4668-BE54-9A1E7A4F7556}") = "Singleton.Implementation", "Singleton.Implementation\Singleton.Implementation.csproj", "{4BAF70EC-3DD6-4D44-835B-39BC422A8F88}"
EndProject
Project("{9A19103F-16F7-4668-BE54-9A1E7A4F7556}") = "Singleton.Monostate", "Singleton.Monostate\Singleton.Monostate.csproj", "{4DF6A363-6B0B-43DE-8722-09A0F4A839A2}"
EndProject
Project("{9A19103F-16F7-4668-BE54-9A1E7A4F7556}") = "Singleton.PerThread", "Singleton.PerThread\Singleton.PerThread.csproj", "{69059A47-420B-4DFE-A2FF-03DD0A87CFE4}"
EndProject
Project("{9A19103F-16F7-4668-BE54-9A1E7A4F7556}") = "Singleton.AmbientContext", "Singleton.AmbientContext\Singleton.AmbientContext.csproj", "{8A511B3F-8C20-4AB4-915D-284E8CFF12CC}"
EndProject
Project("{2150E333-8FDC-42A3-9474-1A3956D46DE8}") = "06. Adapter", "06. Adapter", "{1ED8E637-22B7-4012-B1C7-D7CD1F8AF268}"
EndProject
Project("{9A19103F-16F7-4668-BE54-9A1E7A4F7556}") = "Adapter.AdapterWithCaching", "Adapter.Adapter\Adapter.AdapterWithCaching.csproj", "{81F9E6E3-D5C5-47CB-AD1A-EC0F0260AC84}"
EndProject
Project("{9A19103F-16F7-4668-BE54-9A1E7A4F7556}") = "Adapter.AdapterNoCaching", "Adapter.AdapterNoCaching\Adapter.AdapterNoCaching.csproj", "{A43B7035-AB02-463E-A857-EFAABA0BFD94}"
EndProject
Project("{9A19103F-16F7-4668-BE54-9A1E7A4F7556}") = "Adapter.GenericValueAdapter", "Adapter.GenericValueAdapter\Adapter.GenericValueAdapter.csproj", "{26D3217D-A2D4-4BE5-B9D2-C7625090A7B3}"
EndProject
Project("{9A19103F-16F7-4668-BE54-9A1E7A4F7556}") = "Adapter.DependencyInjection", "Adapter.DependencyInjection\Adapter.DependencyInjection.csproj", "{731DCC99-39D0-4FE9-8B00-F93B434B4795}"
EndProject
Project("{2150E333-8FDC-42A3-9474-1A3956D46DE8}") = "07. Bridge", "07. Bridge", "{351650DC-CF8B-4E11-B73C-FC8769B9D945}"
EndProject
Project("{9A19103F-16F7-4668-BE54-9A1E7A4F7556}") = "Bridge.Bridge", "Bridge.Bridge\Bridge.Bridge.csproj", "{8AFC23E5-9E50-479E-A4F5-5DA8385CB793}"
EndProject
Project("{2150E333-8FDC-42A3-9474-1A3956D46DE8}") = "08. Composite", "08. Composite", "{C4FFF0B3-0969-4DC7-BB52-A742689C0AEC}"
EndProject
Project("{9A19103F-16F7-4668-BE54-9A1E7A4F7556}") = "Composite.Composite", "Composite.Composite\Composite.Composite.csproj", "{6C995562-1326-4749-9932-75617C286593}"
EndProject
Project("{9A19103F-16F7-4668-BE54-9A1E7A4F7556}") = "Composite.NewralNetworks", "Composite.NewralNetworks\Composite.NewralNetworks.csproj", "{19336AE8-4572-49A3-9F1C-65FBF5DBC0E3}"
EndProject
Project("{9A19103F-16F7-4668-BE54-9A1E7A4F7556}") = "Bridge.BridgeDoFactory", "Bridge.BridgeDoFactory\Bridge.BridgeDoFactory.csproj", "{A24F4DE6-AE4E-438D-A650-0421C40E41CF}"
EndProject
Project("{9A19103F-16F7-4668-BE54-9A1E7A4F7556}") = "Composite.CompositeDoFactory", "Composite.CompositeDoFactory\Composite.CompositeDoFactory.csproj", "{ADB52BFD-46F1-4CFA-8EDE-2A8F19BA8E66}"
EndProject
Project("{2150E333-8FDC-42A3-9474-1A3956D46DE8}") = "09. Decorator", "09. Decorator", "{59F98254-E42C-49E1-B471-64CA9AD5684A}"
EndProject
Project("{9A19103F-16F7-4668-BE54-9A1E7A4F7556}") = "Decorator.Decorator", "Decorator.Decorator\Decorator.Decorator.csproj", "{9460E539-CD13-417E-BECA-EADFDA1B2401}"
EndProject
Project("{9A19103F-16F7-4668-BE54-9A1E7A4F7556}") = "Decorator.MultipleInheritance", "Decorator.MultipleInheritance\Decorator.MultipleInheritance.csproj", "{3AA6D9A5-63C6-406F-87A7-8EC9623AD98F}"
EndProject
Project("{9A19103F-16F7-4668-BE54-9A1E7A4F7556}") = "Decorator.MultipleInheritanceWithDefaultInterface", "Decorator.MultipleInheritanceWithDefaultInterface\Decorator.MultipleInheritanceWithDefaultInterface.csproj", "{1FA52EA0-3E1A-4138-B4EA-43D81F1DB486}"
EndProject
Project("{9A19103F-16F7-4668-BE54-9A1E7A4F7556}") = "Decorator.DecoratorComposition", "Decorator.DecoratorComposition\Decorator.DecoratorComposition.csproj", "{93A42EA4-54FB-44DF-B815-DD5E6358DB71}"
EndProject
Project("{9A19103F-16F7-4668-BE54-9A1E7A4F7556}") = "Decorator.DependencyInjection", "Decorator.DependencyInjection\Decorator.DependencyInjection.csproj", "{09B7910F-615F-4C05-94CE-E05234809B3E}"
EndProject
Project("{2150E333-8FDC-42A3-9474-1A3956D46DE8}") = "10. Facade", "10. Facade", "{1684D2CE-F7BA-4D33-AFC6-1596FC2E75F2}"
EndProject
Project("{9A19103F-16F7-4668-BE54-9A1E7A4F7556}") = "Facade.Facade", "Facade.Facade\Facade.Facade.csproj", "{3E1743E8-8105-4CD0-B4BA-3FC9CFD4FB7B}"
EndProject
Project("{2150E333-8FDC-42A3-9474-1A3956D46DE8}") = "11. Flyweight", "11. Flyweight", "{002B09F5-A9BB-4E51-8180-A44AA061B76F}"
EndProject
Project("{9A19103F-16F7-4668-BE54-9A1E7A4F7556}") = "FlyWeight.Flyweight", "FlyWeight.Flyweight\FlyWeight.Flyweight.csproj", "{E72F326B-DB60-4B1E-9DDC-CA0309A7D498}"
EndProject
Project("{9A19103F-16F7-4668-BE54-9A1E7A4F7556}") = "Flyweight.TextFormatting", "Flyweight.TextFormatting\Flyweight.TextFormatting.csproj", "{1A6FD695-A1BE-4277-8433-744067B818B5}"
EndProject
Project("{9A19103F-16F7-4668-BE54-9A1E7A4F7556}") = "Decorator.DecoratorDoFactory", "Decorator.DecoratorDoFactory\Decorator.DecoratorDoFactory.csproj", "{9172A57D-D010-42C3-A161-02CAE7FB3828}"
EndProject
Project("{9A19103F-16F7-4668-BE54-9A1E7A4F7556}") = "Flyweight.FlyweightDoFactory", "Flyweight.FlyweightDoFactory\Flyweight.FlyweightDoFactory.csproj", "{A65E8FA8-CBF2-4907-992B-1479E13E3222}"
EndProject
Project("{2150E333-8FDC-42A3-9474-1A3956D46DE8}") = "12. Proxy", "12. Proxy", "{04BA779B-BD00-4E23-A892-61B82189592A}"
	ProjectSection(SolutionItems) = preProject
		ProxyVsDecorator.txt = ProxyVsDecorator.txt
	EndProjectSection
EndProject
Project("{9A19103F-16F7-4668-BE54-9A1E7A4F7556}") = "Proxy.Proxy", "Proxy.Proxy\Proxy.Proxy.csproj", "{39D33AA8-0150-4CAC-9D6C-C0B8F389ED00}"
EndProject
Project("{FAE04EC0-301F-11D3-BF4B-00C04F79EFBC}") = "Proxy.PropertyProxy", "Proxy.PropertyProxy\Proxy.PropertyProxy.csproj", "{4A023093-83BB-4991-A326-5C42D1E053D1}"
EndProject
Project("{9A19103F-16F7-4668-BE54-9A1E7A4F7556}") = "Proxy.ValueProxy", "Proxy.ValueProxy\Proxy.ValueProxy.csproj", "{796399C6-223C-4024-832E-6D6375FAEC69}"
EndProject
Project("{9A19103F-16F7-4668-BE54-9A1E7A4F7556}") = "Proxy.CompositeProxySoAAoS", "Proxy.CompositeProxySoAAoS\Proxy.CompositeProxySoAAoS.csproj", "{C2927CD7-1CB5-48BF-A767-86D206CFF945}"
EndProject
Project("{FAE04EC0-301F-11D3-BF4B-00C04F79EFBC}") = "Proxy.CompositeProxyWithArrayBackedProperties", "Proxy.CompositeProxyWithArrayBackedProperties\Proxy.CompositeProxyWithArrayBackedProperties.csproj", "{4B1077E4-519E-464D-A2B2-FA60CC145F29}"
EndProject
Project("{FAE04EC0-301F-11D3-BF4B-00C04F79EFBC}") = "Proxy.DynamicProxy", "Proxy.DynamicProxy\Proxy.DynamicProxy.csproj", "{48ED908D-4219-464F-B879-E7BA44100C92}"
EndProject
Project("{9A19103F-16F7-4668-BE54-9A1E7A4F7556}") = "Proxy.ProxyViewModel", "Proxy.ProxyViewModel\Proxy.ProxyViewModel.csproj", "{4AEC86E5-521B-4C8F-B45E-3B9C05E8436B}"
EndProject
Project("{9A19103F-16F7-4668-BE54-9A1E7A4F7556}") = "Proxy.ProxyBitFragging", "Proxy.ProxyBitFragging\Proxy.ProxyBitFragging.csproj", "{6CE320D0-517D-4CE4-AD38-B2581A0D3BD1}"
EndProject
Project("{2150E333-8FDC-42A3-9474-1A3956D46DE8}") = "13. Chain of Responsibility", "13. Chain of Responsibility", "{F3A99F0A-1569-4EC5-B369-FC48EE865ACB}"
EndProject
Project("{9A19103F-16F7-4668-BE54-9A1E7A4F7556}") = "CoR.CommandQuerySeparation", "CoR.CommandQuerySeparation\CoR.CommandQuerySeparation.csproj", "{0213EF43-FBF8-4009-B468-C28386EB8A32}"
EndProject
Project("{FAE04EC0-301F-11D3-BF4B-00C04F79EFBC}") = "CoR.BrokerChain", "CoR.BrokerChain\CoR.BrokerChain.csproj", "{DA1D4BF8-9BE4-404B-B94C-FA42008E28A0}"
EndProject
Project("{9A19103F-16F7-4668-BE54-9A1E7A4F7556}") = "CoR.DoFactory", "CoR.DoFactory\CoR.DoFactory.csproj", "{3EF03928-6795-4A48-BAF5-C0C7962C3893}"
EndProject
Project("{2150E333-8FDC-42A3-9474-1A3956D46DE8}") = "14. Command", "14. Command", "{E97D3D1D-0A73-4BDF-BBF9-996B2812FFB9}"
EndProject
Project("{9A19103F-16F7-4668-BE54-9A1E7A4F7556}") = "Command.Command", "Command.Command\Command.Command.csproj", "{DFA94D9A-432D-42FE-8CE0-477C856DE91B}"
EndProject
Project("{9A19103F-16F7-4668-BE54-9A1E7A4F7556}") = "Command.CompositeCommand", "Command.CompositeCommand\Command.CompositeCommand.csproj", "{CC555BC2-EA1A-422E-8746-D4FF507F92AB}"
EndProject
Project("{2150E333-8FDC-42A3-9474-1A3956D46DE8}") = "15. Interpreter", "15. Interpreter", "{E6B46EEE-A02D-4914-A11C-5F8C69EBB8B6}"
EndProject
Project("{9A19103F-16F7-4668-BE54-9A1E7A4F7556}") = "Interpreter.Interpreter", "Interpreter.Interpreter\Interpreter.Interpreter.csproj", "{9BD383AF-8FF2-4EF7-AA1E-C4FA7205AF3F}"
EndProject
Project("{9A19103F-16F7-4668-BE54-9A1E7A4F7556}") = "Interpreter.InterpreterParsing", "Interpreter.InterpreterParsing\Interpreter.InterpreterParsing.csproj", "{BF0A62B2-AF11-490A-8307-009C6535D4D2}"
EndProject
Project("{2150E333-8FDC-42A3-9474-1A3956D46DE8}") = "16. Iterator", "16. Iterator", "{99EA5831-7188-4005-B7C3-0BADA7DFCEBC}"
EndProject
Project("{9A19103F-16F7-4668-BE54-9A1E7A4F7556}") = "Iterator.IteratorObject", "Iterator.IteratorObject\Iterator.IteratorObject.csproj", "{B0E964A4-8392-4B70-9C54-EAB531171C0F}"
EndProject
Project("{9A19103F-16F7-4668-BE54-9A1E7A4F7556}") = "Iterator.IteratorMethod", "Iterator.IteratorMethod\Iterator.IteratorMethod.csproj", "{9204578A-410D-4C8B-9046-97853A052F24}"
EndProject
Project("{9A19103F-16F7-4668-BE54-9A1E7A4F7556}") = "Iterators.IteratorsDuckTyping", "Iterators.IteratorsDuckTyping\Iterators.IteratorsDuckTyping.csproj", "{2ED48AED-2B12-4FFF-B9FA-A979D9EA6B35}"
EndProject
Project("{9A19103F-16F7-4668-BE54-9A1E7A4F7556}") = "Iterator.ArrayBackedProperties", "Iterator.ArrayBackedProperties\Iterator.ArrayBackedProperties.csproj", "{E68574B7-3696-4567-B06F-D9234B222AD7}"
EndProject
Project("{2150E333-8FDC-42A3-9474-1A3956D46DE8}") = "17. Mediator", "17. Mediator", "{E1808999-1CFB-4A93-8C9A-13242FAF4D5C}"
EndProject
Project("{9A19103F-16F7-4668-BE54-9A1E7A4F7556}") = "MediatorPattern.Mediator", "Mediator.Mediator\MediatorPattern.Mediator.csproj", "{51B674A8-206B-4FBE-82BC-2323AE44BCFD}"
EndProject
Project("{9A19103F-16F7-4668-BE54-9A1E7A4F7556}") = "MediatorPattern.DoFactory", "Mediator.DoFactory\MediatorPattern.DoFactory.csproj", "{9999BAB6-798C-47D7-9BC2-36C64C1BB6CD}"
EndProject
Project("{9A19103F-16F7-4668-BE54-9A1E7A4F7556}") = "MediatorPattern.EventBroker", "Mediator.EventBroker\MediatorPattern.EventBroker.csproj", "{D0DFB82C-8106-45B7-AE5C-4987B295BD4D}"
EndProject
Project("{9A19103F-16F7-4668-BE54-9A1E7A4F7556}") = "MediatorPattern.MediatR", "Mediator.MediatR\MediatorPattern.MediatR.csproj", "{39EE5A62-76EC-4C95-8982-DC7459ADA2C2}"
EndProject
Project("{2150E333-8FDC-42A3-9474-1A3956D46DE8}") = "18. Memento", "18. Memento", "{31B14BB5-1975-4604-A8B7-76D98233313F}"
EndProject
Project("{9A19103F-16F7-4668-BE54-9A1E7A4F7556}") = "Memento.Memento", "Memento.Memento\Memento.Memento.csproj", "{4D96F6AD-194D-4C83-AB51-147E5905681B}"
EndProject
Project("{9A19103F-16F7-4668-BE54-9A1E7A4F7556}") = "Memento.UndoAndRedo", "Memento.UndoAndRedo\Memento.UndoAndRedo.csproj", "{83590A27-C313-4A6A-BD8B-A45FA3147A69}"
EndProject
Project("{9A19103F-16F7-4668-BE54-9A1E7A4F7556}") = "Iterator.IteratorDoFactory", "Iterator.IteratorDoFactory\Iterator.IteratorDoFactory.csproj", "{F80686D3-58C2-47AF-96DA-236F31B702B4}"
EndProject
Project("{2150E333-8FDC-42A3-9474-1A3956D46DE8}") = "19. Null Object", "19. Null Object", "{99C5E26F-DC36-4483-BAD0-590A4CE1AEA9}"
EndProject
Project("{9A19103F-16F7-4668-BE54-9A1E7A4F7556}") = "NullObject.NullObject", "NullObject.NullObject\NullObject.NullObject.csproj", "{38545848-9966-4B04-B22B-117393866AD2}"
EndProject
Project("{FAE04EC0-301F-11D3-BF4B-00C04F79EFBC}") = "NullObject.DynamicNullObject", "NullObject.DynamicNullObject\NullObject.DynamicNullObject.csproj", "{9E86E16E-A821-4C93-B492-9B7C9BE23E92}"
EndProject
Project("{2150E333-8FDC-42A3-9474-1A3956D46DE8}") = "20. Observer", "20. Observer", "{06AEAAB1-B94B-43F8-B026-CCA505D14308}"
EndProject
Project("{FAE04EC0-301F-11D3-BF4B-00C04F79EFBC}") = "Observer.Observer", "Observer.Observer\Observer.Observer.csproj", "{B1C39604-066F-4CD5-A1A2-9DB88A6BF51B}"
EndProject
Project("{FAE04EC0-301F-11D3-BF4B-00C04F79EFBC}") = "Observer.WeakEventPattern", "Observer.WeakEventPattern\Observer.WeakEventPattern.csproj", "{AFF6BDED-2A1F-4D07-A5C0-C16D983D8686}"
EndProject
Project("{FAE04EC0-301F-11D3-BF4B-00C04F79EFBC}") = "Observer.ObserverViaSpecialInterfaces", "Observer.ObserverViaSpecialInterfaces\Observer.ObserverViaSpecialInterfaces.csproj", "{980AB7D0-1699-443A-B68D-39DEE5A4C97A}"
EndProject
Project("{FAE04EC0-301F-11D3-BF4B-00C04F79EFBC}") = "Observer.ObservableCollections", "Observer.ObservableCollections\Observer.ObservableCollections.csproj", "{8D4A492D-BF0D-44D4-B4E0-463909EE911F}"
EndProject
Project("{FAE04EC0-301F-11D3-BF4B-00C04F79EFBC}") = "Observer.BidirectionalObserver", "Observer.BidirectionalObserver\Observer.BidirectionalObserver.csproj", "{BCFC90A0-FD4F-415B-96AB-C032910A21FA}"
EndProject
Project("{FAE04EC0-301F-11D3-BF4B-00C04F79EFBC}") = "Observer.PropertyDependencies", "Observer.PropertyDependencies\Observer.PropertyDependencies.csproj", "{7AEF68A5-2B27-4576-BC86-7CABAEF90CC0}"
EndProject
Project("{FAE04EC0-301F-11D3-BF4B-00C04F79EFBC}") = "Observer.DeclarativeEventSubscriptionsWithInterfaces", "Observer.DeclarativeEventSubscriptionsWithInterfaces\Observer.DeclarativeEventSubscriptionsWithInterfaces.csproj", "{8654A9A0-69FF-4039-86F0-D5273A9BF45A}"
EndProject
Global
	GlobalSection(SolutionConfigurationPlatforms) = preSolution
		Debug|Any CPU = Debug|Any CPU
		Release|Any CPU = Release|Any CPU
	EndGlobalSection
	GlobalSection(ProjectConfigurationPlatforms) = postSolution
		{6ADCE98C-E86E-4BB5-817D-00578B4C1EB8}.Debug|Any CPU.ActiveCfg = Debug|Any CPU
		{6ADCE98C-E86E-4BB5-817D-00578B4C1EB8}.Debug|Any CPU.Build.0 = Debug|Any CPU
		{6ADCE98C-E86E-4BB5-817D-00578B4C1EB8}.Release|Any CPU.ActiveCfg = Release|Any CPU
		{6ADCE98C-E86E-4BB5-817D-00578B4C1EB8}.Release|Any CPU.Build.0 = Release|Any CPU
		{B1EFBEB3-C82C-41CB-9E34-9BF83F42E734}.Debug|Any CPU.ActiveCfg = Debug|Any CPU
		{B1EFBEB3-C82C-41CB-9E34-9BF83F42E734}.Debug|Any CPU.Build.0 = Debug|Any CPU
		{B1EFBEB3-C82C-41CB-9E34-9BF83F42E734}.Release|Any CPU.ActiveCfg = Release|Any CPU
		{B1EFBEB3-C82C-41CB-9E34-9BF83F42E734}.Release|Any CPU.Build.0 = Release|Any CPU
		{D8DB3C03-DFF2-4E38-B7B7-FEDE120FC2C3}.Debug|Any CPU.ActiveCfg = Debug|Any CPU
		{D8DB3C03-DFF2-4E38-B7B7-FEDE120FC2C3}.Debug|Any CPU.Build.0 = Debug|Any CPU
		{D8DB3C03-DFF2-4E38-B7B7-FEDE120FC2C3}.Release|Any CPU.ActiveCfg = Release|Any CPU
		{D8DB3C03-DFF2-4E38-B7B7-FEDE120FC2C3}.Release|Any CPU.Build.0 = Release|Any CPU
		{EA9E2081-BED4-40BD-82C5-B2E711A85658}.Debug|Any CPU.ActiveCfg = Debug|Any CPU
		{EA9E2081-BED4-40BD-82C5-B2E711A85658}.Debug|Any CPU.Build.0 = Debug|Any CPU
		{EA9E2081-BED4-40BD-82C5-B2E711A85658}.Release|Any CPU.ActiveCfg = Release|Any CPU
		{EA9E2081-BED4-40BD-82C5-B2E711A85658}.Release|Any CPU.Build.0 = Release|Any CPU
		{CEDBCCBD-380C-4105-B114-2775F4BF71E7}.Debug|Any CPU.ActiveCfg = Debug|Any CPU
		{CEDBCCBD-380C-4105-B114-2775F4BF71E7}.Debug|Any CPU.Build.0 = Debug|Any CPU
		{CEDBCCBD-380C-4105-B114-2775F4BF71E7}.Release|Any CPU.ActiveCfg = Release|Any CPU
		{CEDBCCBD-380C-4105-B114-2775F4BF71E7}.Release|Any CPU.Build.0 = Release|Any CPU
		{DD64D100-AD28-43D2-BA85-E6F9E68D7116}.Debug|Any CPU.ActiveCfg = Debug|Any CPU
		{DD64D100-AD28-43D2-BA85-E6F9E68D7116}.Debug|Any CPU.Build.0 = Debug|Any CPU
		{DD64D100-AD28-43D2-BA85-E6F9E68D7116}.Release|Any CPU.ActiveCfg = Release|Any CPU
		{DD64D100-AD28-43D2-BA85-E6F9E68D7116}.Release|Any CPU.Build.0 = Release|Any CPU
		{098B718E-3646-47BD-B9D8-3B2AD38F1531}.Debug|Any CPU.ActiveCfg = Debug|Any CPU
		{098B718E-3646-47BD-B9D8-3B2AD38F1531}.Debug|Any CPU.Build.0 = Debug|Any CPU
		{098B718E-3646-47BD-B9D8-3B2AD38F1531}.Release|Any CPU.ActiveCfg = Release|Any CPU
		{098B718E-3646-47BD-B9D8-3B2AD38F1531}.Release|Any CPU.Build.0 = Release|Any CPU
		{4B89BC68-CCE9-4A02-8B81-52E229E4F4CB}.Debug|Any CPU.ActiveCfg = Debug|Any CPU
		{4B89BC68-CCE9-4A02-8B81-52E229E4F4CB}.Debug|Any CPU.Build.0 = Debug|Any CPU
		{4B89BC68-CCE9-4A02-8B81-52E229E4F4CB}.Release|Any CPU.ActiveCfg = Release|Any CPU
		{4B89BC68-CCE9-4A02-8B81-52E229E4F4CB}.Release|Any CPU.Build.0 = Release|Any CPU
		{D7FC2368-F8D4-475C-B0D9-4CF088E6348D}.Debug|Any CPU.ActiveCfg = Debug|Any CPU
		{D7FC2368-F8D4-475C-B0D9-4CF088E6348D}.Debug|Any CPU.Build.0 = Debug|Any CPU
		{D7FC2368-F8D4-475C-B0D9-4CF088E6348D}.Release|Any CPU.ActiveCfg = Release|Any CPU
		{D7FC2368-F8D4-475C-B0D9-4CF088E6348D}.Release|Any CPU.Build.0 = Release|Any CPU
		{57947CB4-48FF-42D7-988F-B3C5E01C0E53}.Debug|Any CPU.ActiveCfg = Debug|Any CPU
		{57947CB4-48FF-42D7-988F-B3C5E01C0E53}.Debug|Any CPU.Build.0 = Debug|Any CPU
		{57947CB4-48FF-42D7-988F-B3C5E01C0E53}.Release|Any CPU.ActiveCfg = Release|Any CPU
		{57947CB4-48FF-42D7-988F-B3C5E01C0E53}.Release|Any CPU.Build.0 = Release|Any CPU
		{8B446804-6669-4466-A84B-DD15955AF962}.Debug|Any CPU.ActiveCfg = Debug|Any CPU
		{8B446804-6669-4466-A84B-DD15955AF962}.Debug|Any CPU.Build.0 = Debug|Any CPU
		{8B446804-6669-4466-A84B-DD15955AF962}.Release|Any CPU.ActiveCfg = Release|Any CPU
		{8B446804-6669-4466-A84B-DD15955AF962}.Release|Any CPU.Build.0 = Release|Any CPU
		{4BAF70EC-3DD6-4D44-835B-39BC422A8F88}.Debug|Any CPU.ActiveCfg = Debug|Any CPU
		{4BAF70EC-3DD6-4D44-835B-39BC422A8F88}.Debug|Any CPU.Build.0 = Debug|Any CPU
		{4BAF70EC-3DD6-4D44-835B-39BC422A8F88}.Release|Any CPU.ActiveCfg = Release|Any CPU
		{4BAF70EC-3DD6-4D44-835B-39BC422A8F88}.Release|Any CPU.Build.0 = Release|Any CPU
		{4DF6A363-6B0B-43DE-8722-09A0F4A839A2}.Debug|Any CPU.ActiveCfg = Debug|Any CPU
		{4DF6A363-6B0B-43DE-8722-09A0F4A839A2}.Debug|Any CPU.Build.0 = Debug|Any CPU
		{4DF6A363-6B0B-43DE-8722-09A0F4A839A2}.Release|Any CPU.ActiveCfg = Release|Any CPU
		{4DF6A363-6B0B-43DE-8722-09A0F4A839A2}.Release|Any CPU.Build.0 = Release|Any CPU
		{69059A47-420B-4DFE-A2FF-03DD0A87CFE4}.Debug|Any CPU.ActiveCfg = Debug|Any CPU
		{69059A47-420B-4DFE-A2FF-03DD0A87CFE4}.Debug|Any CPU.Build.0 = Debug|Any CPU
		{69059A47-420B-4DFE-A2FF-03DD0A87CFE4}.Release|Any CPU.ActiveCfg = Release|Any CPU
		{69059A47-420B-4DFE-A2FF-03DD0A87CFE4}.Release|Any CPU.Build.0 = Release|Any CPU
		{8A511B3F-8C20-4AB4-915D-284E8CFF12CC}.Debug|Any CPU.ActiveCfg = Debug|Any CPU
		{8A511B3F-8C20-4AB4-915D-284E8CFF12CC}.Debug|Any CPU.Build.0 = Debug|Any CPU
		{8A511B3F-8C20-4AB4-915D-284E8CFF12CC}.Release|Any CPU.ActiveCfg = Release|Any CPU
		{8A511B3F-8C20-4AB4-915D-284E8CFF12CC}.Release|Any CPU.Build.0 = Release|Any CPU
		{81F9E6E3-D5C5-47CB-AD1A-EC0F0260AC84}.Debug|Any CPU.ActiveCfg = Debug|Any CPU
		{81F9E6E3-D5C5-47CB-AD1A-EC0F0260AC84}.Debug|Any CPU.Build.0 = Debug|Any CPU
		{81F9E6E3-D5C5-47CB-AD1A-EC0F0260AC84}.Release|Any CPU.ActiveCfg = Release|Any CPU
		{81F9E6E3-D5C5-47CB-AD1A-EC0F0260AC84}.Release|Any CPU.Build.0 = Release|Any CPU
		{A43B7035-AB02-463E-A857-EFAABA0BFD94}.Debug|Any CPU.ActiveCfg = Debug|Any CPU
		{A43B7035-AB02-463E-A857-EFAABA0BFD94}.Debug|Any CPU.Build.0 = Debug|Any CPU
		{A43B7035-AB02-463E-A857-EFAABA0BFD94}.Release|Any CPU.ActiveCfg = Release|Any CPU
		{A43B7035-AB02-463E-A857-EFAABA0BFD94}.Release|Any CPU.Build.0 = Release|Any CPU
		{26D3217D-A2D4-4BE5-B9D2-C7625090A7B3}.Debug|Any CPU.ActiveCfg = Debug|Any CPU
		{26D3217D-A2D4-4BE5-B9D2-C7625090A7B3}.Debug|Any CPU.Build.0 = Debug|Any CPU
		{26D3217D-A2D4-4BE5-B9D2-C7625090A7B3}.Release|Any CPU.ActiveCfg = Release|Any CPU
		{26D3217D-A2D4-4BE5-B9D2-C7625090A7B3}.Release|Any CPU.Build.0 = Release|Any CPU
		{731DCC99-39D0-4FE9-8B00-F93B434B4795}.Debug|Any CPU.ActiveCfg = Debug|Any CPU
		{731DCC99-39D0-4FE9-8B00-F93B434B4795}.Debug|Any CPU.Build.0 = Debug|Any CPU
		{731DCC99-39D0-4FE9-8B00-F93B434B4795}.Release|Any CPU.ActiveCfg = Release|Any CPU
		{731DCC99-39D0-4FE9-8B00-F93B434B4795}.Release|Any CPU.Build.0 = Release|Any CPU
		{8AFC23E5-9E50-479E-A4F5-5DA8385CB793}.Debug|Any CPU.ActiveCfg = Debug|Any CPU
		{8AFC23E5-9E50-479E-A4F5-5DA8385CB793}.Debug|Any CPU.Build.0 = Debug|Any CPU
		{8AFC23E5-9E50-479E-A4F5-5DA8385CB793}.Release|Any CPU.ActiveCfg = Release|Any CPU
		{8AFC23E5-9E50-479E-A4F5-5DA8385CB793}.Release|Any CPU.Build.0 = Release|Any CPU
		{6C995562-1326-4749-9932-75617C286593}.Debug|Any CPU.ActiveCfg = Debug|Any CPU
		{6C995562-1326-4749-9932-75617C286593}.Debug|Any CPU.Build.0 = Debug|Any CPU
		{6C995562-1326-4749-9932-75617C286593}.Release|Any CPU.ActiveCfg = Release|Any CPU
		{6C995562-1326-4749-9932-75617C286593}.Release|Any CPU.Build.0 = Release|Any CPU
		{19336AE8-4572-49A3-9F1C-65FBF5DBC0E3}.Debug|Any CPU.ActiveCfg = Debug|Any CPU
		{19336AE8-4572-49A3-9F1C-65FBF5DBC0E3}.Debug|Any CPU.Build.0 = Debug|Any CPU
		{19336AE8-4572-49A3-9F1C-65FBF5DBC0E3}.Release|Any CPU.ActiveCfg = Release|Any CPU
		{19336AE8-4572-49A3-9F1C-65FBF5DBC0E3}.Release|Any CPU.Build.0 = Release|Any CPU
		{A24F4DE6-AE4E-438D-A650-0421C40E41CF}.Debug|Any CPU.ActiveCfg = Debug|Any CPU
		{A24F4DE6-AE4E-438D-A650-0421C40E41CF}.Debug|Any CPU.Build.0 = Debug|Any CPU
		{A24F4DE6-AE4E-438D-A650-0421C40E41CF}.Release|Any CPU.ActiveCfg = Release|Any CPU
		{A24F4DE6-AE4E-438D-A650-0421C40E41CF}.Release|Any CPU.Build.0 = Release|Any CPU
		{ADB52BFD-46F1-4CFA-8EDE-2A8F19BA8E66}.Debug|Any CPU.ActiveCfg = Debug|Any CPU
		{ADB52BFD-46F1-4CFA-8EDE-2A8F19BA8E66}.Debug|Any CPU.Build.0 = Debug|Any CPU
		{ADB52BFD-46F1-4CFA-8EDE-2A8F19BA8E66}.Release|Any CPU.ActiveCfg = Release|Any CPU
		{ADB52BFD-46F1-4CFA-8EDE-2A8F19BA8E66}.Release|Any CPU.Build.0 = Release|Any CPU
		{9460E539-CD13-417E-BECA-EADFDA1B2401}.Debug|Any CPU.ActiveCfg = Debug|Any CPU
		{9460E539-CD13-417E-BECA-EADFDA1B2401}.Debug|Any CPU.Build.0 = Debug|Any CPU
		{9460E539-CD13-417E-BECA-EADFDA1B2401}.Release|Any CPU.ActiveCfg = Release|Any CPU
		{9460E539-CD13-417E-BECA-EADFDA1B2401}.Release|Any CPU.Build.0 = Release|Any CPU
		{3AA6D9A5-63C6-406F-87A7-8EC9623AD98F}.Debug|Any CPU.ActiveCfg = Debug|Any CPU
		{3AA6D9A5-63C6-406F-87A7-8EC9623AD98F}.Debug|Any CPU.Build.0 = Debug|Any CPU
		{3AA6D9A5-63C6-406F-87A7-8EC9623AD98F}.Release|Any CPU.ActiveCfg = Release|Any CPU
		{3AA6D9A5-63C6-406F-87A7-8EC9623AD98F}.Release|Any CPU.Build.0 = Release|Any CPU
		{1FA52EA0-3E1A-4138-B4EA-43D81F1DB486}.Debug|Any CPU.ActiveCfg = Debug|Any CPU
		{1FA52EA0-3E1A-4138-B4EA-43D81F1DB486}.Debug|Any CPU.Build.0 = Debug|Any CPU
		{1FA52EA0-3E1A-4138-B4EA-43D81F1DB486}.Release|Any CPU.ActiveCfg = Release|Any CPU
		{1FA52EA0-3E1A-4138-B4EA-43D81F1DB486}.Release|Any CPU.Build.0 = Release|Any CPU
		{93A42EA4-54FB-44DF-B815-DD5E6358DB71}.Debug|Any CPU.ActiveCfg = Debug|Any CPU
		{93A42EA4-54FB-44DF-B815-DD5E6358DB71}.Debug|Any CPU.Build.0 = Debug|Any CPU
		{93A42EA4-54FB-44DF-B815-DD5E6358DB71}.Release|Any CPU.ActiveCfg = Release|Any CPU
		{93A42EA4-54FB-44DF-B815-DD5E6358DB71}.Release|Any CPU.Build.0 = Release|Any CPU
		{09B7910F-615F-4C05-94CE-E05234809B3E}.Debug|Any CPU.ActiveCfg = Debug|Any CPU
		{09B7910F-615F-4C05-94CE-E05234809B3E}.Debug|Any CPU.Build.0 = Debug|Any CPU
		{09B7910F-615F-4C05-94CE-E05234809B3E}.Release|Any CPU.ActiveCfg = Release|Any CPU
		{09B7910F-615F-4C05-94CE-E05234809B3E}.Release|Any CPU.Build.0 = Release|Any CPU
		{3E1743E8-8105-4CD0-B4BA-3FC9CFD4FB7B}.Debug|Any CPU.ActiveCfg = Debug|Any CPU
		{3E1743E8-8105-4CD0-B4BA-3FC9CFD4FB7B}.Debug|Any CPU.Build.0 = Debug|Any CPU
		{3E1743E8-8105-4CD0-B4BA-3FC9CFD4FB7B}.Release|Any CPU.ActiveCfg = Release|Any CPU
		{3E1743E8-8105-4CD0-B4BA-3FC9CFD4FB7B}.Release|Any CPU.Build.0 = Release|Any CPU
		{E72F326B-DB60-4B1E-9DDC-CA0309A7D498}.Debug|Any CPU.ActiveCfg = Debug|Any CPU
		{E72F326B-DB60-4B1E-9DDC-CA0309A7D498}.Debug|Any CPU.Build.0 = Debug|Any CPU
		{E72F326B-DB60-4B1E-9DDC-CA0309A7D498}.Release|Any CPU.ActiveCfg = Release|Any CPU
		{E72F326B-DB60-4B1E-9DDC-CA0309A7D498}.Release|Any CPU.Build.0 = Release|Any CPU
		{1A6FD695-A1BE-4277-8433-744067B818B5}.Debug|Any CPU.ActiveCfg = Debug|Any CPU
		{1A6FD695-A1BE-4277-8433-744067B818B5}.Debug|Any CPU.Build.0 = Debug|Any CPU
		{1A6FD695-A1BE-4277-8433-744067B818B5}.Release|Any CPU.ActiveCfg = Release|Any CPU
		{1A6FD695-A1BE-4277-8433-744067B818B5}.Release|Any CPU.Build.0 = Release|Any CPU
		{9172A57D-D010-42C3-A161-02CAE7FB3828}.Debug|Any CPU.ActiveCfg = Debug|Any CPU
		{9172A57D-D010-42C3-A161-02CAE7FB3828}.Debug|Any CPU.Build.0 = Debug|Any CPU
		{9172A57D-D010-42C3-A161-02CAE7FB3828}.Release|Any CPU.ActiveCfg = Release|Any CPU
		{9172A57D-D010-42C3-A161-02CAE7FB3828}.Release|Any CPU.Build.0 = Release|Any CPU
		{A65E8FA8-CBF2-4907-992B-1479E13E3222}.Debug|Any CPU.ActiveCfg = Debug|Any CPU
		{A65E8FA8-CBF2-4907-992B-1479E13E3222}.Debug|Any CPU.Build.0 = Debug|Any CPU
		{A65E8FA8-CBF2-4907-992B-1479E13E3222}.Release|Any CPU.ActiveCfg = Release|Any CPU
		{A65E8FA8-CBF2-4907-992B-1479E13E3222}.Release|Any CPU.Build.0 = Release|Any CPU
		{39D33AA8-0150-4CAC-9D6C-C0B8F389ED00}.Debug|Any CPU.ActiveCfg = Debug|Any CPU
		{39D33AA8-0150-4CAC-9D6C-C0B8F389ED00}.Debug|Any CPU.Build.0 = Debug|Any CPU
		{39D33AA8-0150-4CAC-9D6C-C0B8F389ED00}.Release|Any CPU.ActiveCfg = Release|Any CPU
		{39D33AA8-0150-4CAC-9D6C-C0B8F389ED00}.Release|Any CPU.Build.0 = Release|Any CPU
		{4A023093-83BB-4991-A326-5C42D1E053D1}.Debug|Any CPU.ActiveCfg = Debug|Any CPU
		{4A023093-83BB-4991-A326-5C42D1E053D1}.Debug|Any CPU.Build.0 = Debug|Any CPU
		{4A023093-83BB-4991-A326-5C42D1E053D1}.Release|Any CPU.ActiveCfg = Release|Any CPU
		{4A023093-83BB-4991-A326-5C42D1E053D1}.Release|Any CPU.Build.0 = Release|Any CPU
		{796399C6-223C-4024-832E-6D6375FAEC69}.Debug|Any CPU.ActiveCfg = Debug|Any CPU
		{796399C6-223C-4024-832E-6D6375FAEC69}.Debug|Any CPU.Build.0 = Debug|Any CPU
		{796399C6-223C-4024-832E-6D6375FAEC69}.Release|Any CPU.ActiveCfg = Release|Any CPU
		{796399C6-223C-4024-832E-6D6375FAEC69}.Release|Any CPU.Build.0 = Release|Any CPU
		{C2927CD7-1CB5-48BF-A767-86D206CFF945}.Debug|Any CPU.ActiveCfg = Debug|Any CPU
		{C2927CD7-1CB5-48BF-A767-86D206CFF945}.Debug|Any CPU.Build.0 = Debug|Any CPU
		{C2927CD7-1CB5-48BF-A767-86D206CFF945}.Release|Any CPU.ActiveCfg = Release|Any CPU
		{C2927CD7-1CB5-48BF-A767-86D206CFF945}.Release|Any CPU.Build.0 = Release|Any CPU
		{4B1077E4-519E-464D-A2B2-FA60CC145F29}.Debug|Any CPU.ActiveCfg = Debug|Any CPU
		{4B1077E4-519E-464D-A2B2-FA60CC145F29}.Debug|Any CPU.Build.0 = Debug|Any CPU
		{4B1077E4-519E-464D-A2B2-FA60CC145F29}.Release|Any CPU.ActiveCfg = Release|Any CPU
		{4B1077E4-519E-464D-A2B2-FA60CC145F29}.Release|Any CPU.Build.0 = Release|Any CPU
		{48ED908D-4219-464F-B879-E7BA44100C92}.Debug|Any CPU.ActiveCfg = Debug|Any CPU
		{48ED908D-4219-464F-B879-E7BA44100C92}.Debug|Any CPU.Build.0 = Debug|Any CPU
		{48ED908D-4219-464F-B879-E7BA44100C92}.Release|Any CPU.ActiveCfg = Release|Any CPU
		{48ED908D-4219-464F-B879-E7BA44100C92}.Release|Any CPU.Build.0 = Release|Any CPU
		{4AEC86E5-521B-4C8F-B45E-3B9C05E8436B}.Debug|Any CPU.ActiveCfg = Debug|Any CPU
		{4AEC86E5-521B-4C8F-B45E-3B9C05E8436B}.Debug|Any CPU.Build.0 = Debug|Any CPU
		{4AEC86E5-521B-4C8F-B45E-3B9C05E8436B}.Release|Any CPU.ActiveCfg = Release|Any CPU
		{4AEC86E5-521B-4C8F-B45E-3B9C05E8436B}.Release|Any CPU.Build.0 = Release|Any CPU
		{6CE320D0-517D-4CE4-AD38-B2581A0D3BD1}.Debug|Any CPU.ActiveCfg = Debug|Any CPU
		{6CE320D0-517D-4CE4-AD38-B2581A0D3BD1}.Debug|Any CPU.Build.0 = Debug|Any CPU
		{6CE320D0-517D-4CE4-AD38-B2581A0D3BD1}.Release|Any CPU.ActiveCfg = Release|Any CPU
		{6CE320D0-517D-4CE4-AD38-B2581A0D3BD1}.Release|Any CPU.Build.0 = Release|Any CPU
		{0213EF43-FBF8-4009-B468-C28386EB8A32}.Debug|Any CPU.ActiveCfg = Debug|Any CPU
		{0213EF43-FBF8-4009-B468-C28386EB8A32}.Debug|Any CPU.Build.0 = Debug|Any CPU
		{0213EF43-FBF8-4009-B468-C28386EB8A32}.Release|Any CPU.ActiveCfg = Release|Any CPU
		{0213EF43-FBF8-4009-B468-C28386EB8A32}.Release|Any CPU.Build.0 = Release|Any CPU
		{DA1D4BF8-9BE4-404B-B94C-FA42008E28A0}.Debug|Any CPU.ActiveCfg = Debug|Any CPU
		{DA1D4BF8-9BE4-404B-B94C-FA42008E28A0}.Debug|Any CPU.Build.0 = Debug|Any CPU
		{DA1D4BF8-9BE4-404B-B94C-FA42008E28A0}.Release|Any CPU.ActiveCfg = Release|Any CPU
		{DA1D4BF8-9BE4-404B-B94C-FA42008E28A0}.Release|Any CPU.Build.0 = Release|Any CPU
		{3EF03928-6795-4A48-BAF5-C0C7962C3893}.Debug|Any CPU.ActiveCfg = Debug|Any CPU
		{3EF03928-6795-4A48-BAF5-C0C7962C3893}.Debug|Any CPU.Build.0 = Debug|Any CPU
		{3EF03928-6795-4A48-BAF5-C0C7962C3893}.Release|Any CPU.ActiveCfg = Release|Any CPU
		{3EF03928-6795-4A48-BAF5-C0C7962C3893}.Release|Any CPU.Build.0 = Release|Any CPU
		{DFA94D9A-432D-42FE-8CE0-477C856DE91B}.Debug|Any CPU.ActiveCfg = Debug|Any CPU
		{DFA94D9A-432D-42FE-8CE0-477C856DE91B}.Debug|Any CPU.Build.0 = Debug|Any CPU
		{DFA94D9A-432D-42FE-8CE0-477C856DE91B}.Release|Any CPU.ActiveCfg = Release|Any CPU
		{DFA94D9A-432D-42FE-8CE0-477C856DE91B}.Release|Any CPU.Build.0 = Release|Any CPU
		{CC555BC2-EA1A-422E-8746-D4FF507F92AB}.Debug|Any CPU.ActiveCfg = Debug|Any CPU
		{CC555BC2-EA1A-422E-8746-D4FF507F92AB}.Debug|Any CPU.Build.0 = Debug|Any CPU
		{CC555BC2-EA1A-422E-8746-D4FF507F92AB}.Release|Any CPU.ActiveCfg = Release|Any CPU
		{CC555BC2-EA1A-422E-8746-D4FF507F92AB}.Release|Any CPU.Build.0 = Release|Any CPU
		{9BD383AF-8FF2-4EF7-AA1E-C4FA7205AF3F}.Debug|Any CPU.ActiveCfg = Debug|Any CPU
		{9BD383AF-8FF2-4EF7-AA1E-C4FA7205AF3F}.Debug|Any CPU.Build.0 = Debug|Any CPU
		{9BD383AF-8FF2-4EF7-AA1E-C4FA7205AF3F}.Release|Any CPU.ActiveCfg = Release|Any CPU
		{9BD383AF-8FF2-4EF7-AA1E-C4FA7205AF3F}.Release|Any CPU.Build.0 = Release|Any CPU
		{BF0A62B2-AF11-490A-8307-009C6535D4D2}.Debug|Any CPU.ActiveCfg = Debug|Any CPU
		{BF0A62B2-AF11-490A-8307-009C6535D4D2}.Debug|Any CPU.Build.0 = Debug|Any CPU
		{BF0A62B2-AF11-490A-8307-009C6535D4D2}.Release|Any CPU.ActiveCfg = Release|Any CPU
		{BF0A62B2-AF11-490A-8307-009C6535D4D2}.Release|Any CPU.Build.0 = Release|Any CPU
		{B0E964A4-8392-4B70-9C54-EAB531171C0F}.Debug|Any CPU.ActiveCfg = Debug|Any CPU
		{B0E964A4-8392-4B70-9C54-EAB531171C0F}.Debug|Any CPU.Build.0 = Debug|Any CPU
		{B0E964A4-8392-4B70-9C54-EAB531171C0F}.Release|Any CPU.ActiveCfg = Release|Any CPU
		{B0E964A4-8392-4B70-9C54-EAB531171C0F}.Release|Any CPU.Build.0 = Release|Any CPU
		{9204578A-410D-4C8B-9046-97853A052F24}.Debug|Any CPU.ActiveCfg = Debug|Any CPU
		{9204578A-410D-4C8B-9046-97853A052F24}.Debug|Any CPU.Build.0 = Debug|Any CPU
		{9204578A-410D-4C8B-9046-97853A052F24}.Release|Any CPU.ActiveCfg = Release|Any CPU
		{9204578A-410D-4C8B-9046-97853A052F24}.Release|Any CPU.Build.0 = Release|Any CPU
		{2ED48AED-2B12-4FFF-B9FA-A979D9EA6B35}.Debug|Any CPU.ActiveCfg = Debug|Any CPU
		{2ED48AED-2B12-4FFF-B9FA-A979D9EA6B35}.Debug|Any CPU.Build.0 = Debug|Any CPU
		{2ED48AED-2B12-4FFF-B9FA-A979D9EA6B35}.Release|Any CPU.ActiveCfg = Release|Any CPU
		{2ED48AED-2B12-4FFF-B9FA-A979D9EA6B35}.Release|Any CPU.Build.0 = Release|Any CPU
		{E68574B7-3696-4567-B06F-D9234B222AD7}.Debug|Any CPU.ActiveCfg = Debug|Any CPU
		{E68574B7-3696-4567-B06F-D9234B222AD7}.Debug|Any CPU.Build.0 = Debug|Any CPU
		{E68574B7-3696-4567-B06F-D9234B222AD7}.Release|Any CPU.ActiveCfg = Release|Any CPU
		{E68574B7-3696-4567-B06F-D9234B222AD7}.Release|Any CPU.Build.0 = Release|Any CPU
		{51B674A8-206B-4FBE-82BC-2323AE44BCFD}.Debug|Any CPU.ActiveCfg = Debug|Any CPU
		{51B674A8-206B-4FBE-82BC-2323AE44BCFD}.Debug|Any CPU.Build.0 = Debug|Any CPU
		{51B674A8-206B-4FBE-82BC-2323AE44BCFD}.Release|Any CPU.ActiveCfg = Release|Any CPU
		{51B674A8-206B-4FBE-82BC-2323AE44BCFD}.Release|Any CPU.Build.0 = Release|Any CPU
		{9999BAB6-798C-47D7-9BC2-36C64C1BB6CD}.Debug|Any CPU.ActiveCfg = Debug|Any CPU
		{9999BAB6-798C-47D7-9BC2-36C64C1BB6CD}.Debug|Any CPU.Build.0 = Debug|Any CPU
		{9999BAB6-798C-47D7-9BC2-36C64C1BB6CD}.Release|Any CPU.ActiveCfg = Release|Any CPU
		{9999BAB6-798C-47D7-9BC2-36C64C1BB6CD}.Release|Any CPU.Build.0 = Release|Any CPU
		{D0DFB82C-8106-45B7-AE5C-4987B295BD4D}.Debug|Any CPU.ActiveCfg = Debug|Any CPU
		{D0DFB82C-8106-45B7-AE5C-4987B295BD4D}.Debug|Any CPU.Build.0 = Debug|Any CPU
		{D0DFB82C-8106-45B7-AE5C-4987B295BD4D}.Release|Any CPU.ActiveCfg = Release|Any CPU
		{D0DFB82C-8106-45B7-AE5C-4987B295BD4D}.Release|Any CPU.Build.0 = Release|Any CPU
		{39EE5A62-76EC-4C95-8982-DC7459ADA2C2}.Debug|Any CPU.ActiveCfg = Debug|Any CPU
		{39EE5A62-76EC-4C95-8982-DC7459ADA2C2}.Debug|Any CPU.Build.0 = Debug|Any CPU
		{39EE5A62-76EC-4C95-8982-DC7459ADA2C2}.Release|Any CPU.ActiveCfg = Release|Any CPU
		{39EE5A62-76EC-4C95-8982-DC7459ADA2C2}.Release|Any CPU.Build.0 = Release|Any CPU
		{4D96F6AD-194D-4C83-AB51-147E5905681B}.Debug|Any CPU.ActiveCfg = Debug|Any CPU
		{4D96F6AD-194D-4C83-AB51-147E5905681B}.Debug|Any CPU.Build.0 = Debug|Any CPU
		{4D96F6AD-194D-4C83-AB51-147E5905681B}.Release|Any CPU.ActiveCfg = Release|Any CPU
		{4D96F6AD-194D-4C83-AB51-147E5905681B}.Release|Any CPU.Build.0 = Release|Any CPU
		{83590A27-C313-4A6A-BD8B-A45FA3147A69}.Debug|Any CPU.ActiveCfg = Debug|Any CPU
		{83590A27-C313-4A6A-BD8B-A45FA3147A69}.Debug|Any CPU.Build.0 = Debug|Any CPU
		{83590A27-C313-4A6A-BD8B-A45FA3147A69}.Release|Any CPU.ActiveCfg = Release|Any CPU
		{83590A27-C313-4A6A-BD8B-A45FA3147A69}.Release|Any CPU.Build.0 = Release|Any CPU
		{F80686D3-58C2-47AF-96DA-236F31B702B4}.Debug|Any CPU.ActiveCfg = Debug|Any CPU
		{F80686D3-58C2-47AF-96DA-236F31B702B4}.Debug|Any CPU.Build.0 = Debug|Any CPU
		{F80686D3-58C2-47AF-96DA-236F31B702B4}.Release|Any CPU.ActiveCfg = Release|Any CPU
		{F80686D3-58C2-47AF-96DA-236F31B702B4}.Release|Any CPU.Build.0 = Release|Any CPU
		{38545848-9966-4B04-B22B-117393866AD2}.Debug|Any CPU.ActiveCfg = Debug|Any CPU
		{38545848-9966-4B04-B22B-117393866AD2}.Debug|Any CPU.Build.0 = Debug|Any CPU
		{38545848-9966-4B04-B22B-117393866AD2}.Release|Any CPU.ActiveCfg = Release|Any CPU
		{38545848-9966-4B04-B22B-117393866AD2}.Release|Any CPU.Build.0 = Release|Any CPU
		{9E86E16E-A821-4C93-B492-9B7C9BE23E92}.Debug|Any CPU.ActiveCfg = Debug|Any CPU
		{9E86E16E-A821-4C93-B492-9B7C9BE23E92}.Debug|Any CPU.Build.0 = Debug|Any CPU
		{9E86E16E-A821-4C93-B492-9B7C9BE23E92}.Release|Any CPU.ActiveCfg = Release|Any CPU
		{9E86E16E-A821-4C93-B492-9B7C9BE23E92}.Release|Any CPU.Build.0 = Release|Any CPU
		{B1C39604-066F-4CD5-A1A2-9DB88A6BF51B}.Debug|Any CPU.ActiveCfg = Debug|Any CPU
		{B1C39604-066F-4CD5-A1A2-9DB88A6BF51B}.Debug|Any CPU.Build.0 = Debug|Any CPU
		{B1C39604-066F-4CD5-A1A2-9DB88A6BF51B}.Release|Any CPU.ActiveCfg = Release|Any CPU
		{B1C39604-066F-4CD5-A1A2-9DB88A6BF51B}.Release|Any CPU.Build.0 = Release|Any CPU
		{AFF6BDED-2A1F-4D07-A5C0-C16D983D8686}.Debug|Any CPU.ActiveCfg = Debug|Any CPU
		{AFF6BDED-2A1F-4D07-A5C0-C16D983D8686}.Debug|Any CPU.Build.0 = Debug|Any CPU
		{AFF6BDED-2A1F-4D07-A5C0-C16D983D8686}.Release|Any CPU.ActiveCfg = Release|Any CPU
		{AFF6BDED-2A1F-4D07-A5C0-C16D983D8686}.Release|Any CPU.Build.0 = Release|Any CPU
		{980AB7D0-1699-443A-B68D-39DEE5A4C97A}.Debug|Any CPU.ActiveCfg = Debug|Any CPU
		{980AB7D0-1699-443A-B68D-39DEE5A4C97A}.Debug|Any CPU.Build.0 = Debug|Any CPU
		{980AB7D0-1699-443A-B68D-39DEE5A4C97A}.Release|Any CPU.ActiveCfg = Release|Any CPU
		{980AB7D0-1699-443A-B68D-39DEE5A4C97A}.Release|Any CPU.Build.0 = Release|Any CPU
		{8D4A492D-BF0D-44D4-B4E0-463909EE911F}.Debug|Any CPU.ActiveCfg = Debug|Any CPU
		{8D4A492D-BF0D-44D4-B4E0-463909EE911F}.Debug|Any CPU.Build.0 = Debug|Any CPU
		{8D4A492D-BF0D-44D4-B4E0-463909EE911F}.Release|Any CPU.ActiveCfg = Release|Any CPU
		{8D4A492D-BF0D-44D4-B4E0-463909EE911F}.Release|Any CPU.Build.0 = Release|Any CPU
		{BCFC90A0-FD4F-415B-96AB-C032910A21FA}.Debug|Any CPU.ActiveCfg = Debug|Any CPU
		{BCFC90A0-FD4F-415B-96AB-C032910A21FA}.Debug|Any CPU.Build.0 = Debug|Any CPU
		{BCFC90A0-FD4F-415B-96AB-C032910A21FA}.Release|Any CPU.ActiveCfg = Release|Any CPU
		{BCFC90A0-FD4F-415B-96AB-C032910A21FA}.Release|Any CPU.Build.0 = Release|Any CPU
		{7AEF68A5-2B27-4576-BC86-7CABAEF90CC0}.Debug|Any CPU.ActiveCfg = Debug|Any CPU
		{7AEF68A5-2B27-4576-BC86-7CABAEF90CC0}.Debug|Any CPU.Build.0 = Debug|Any CPU
		{7AEF68A5-2B27-4576-BC86-7CABAEF90CC0}.Release|Any CPU.ActiveCfg = Release|Any CPU
		{7AEF68A5-2B27-4576-BC86-7CABAEF90CC0}.Release|Any CPU.Build.0 = Release|Any CPU
		{8654A9A0-69FF-4039-86F0-D5273A9BF45A}.Debug|Any CPU.ActiveCfg = Debug|Any CPU
		{8654A9A0-69FF-4039-86F0-D5273A9BF45A}.Debug|Any CPU.Build.0 = Debug|Any CPU
		{8654A9A0-69FF-4039-86F0-D5273A9BF45A}.Release|Any CPU.ActiveCfg = Release|Any CPU
		{8654A9A0-69FF-4039-86F0-D5273A9BF45A}.Release|Any CPU.Build.0 = Release|Any CPU
	EndGlobalSection
	GlobalSection(SolutionProperties) = preSolution
		HideSolutionNode = FALSE
	EndGlobalSection
	GlobalSection(NestedProjects) = preSolution
		{6ADCE98C-E86E-4BB5-817D-00578B4C1EB8} = {EC6C388A-B1F6-415E-89E3-B3E0ED853883}
		{B1EFBEB3-C82C-41CB-9E34-9BF83F42E734} = {EC6C388A-B1F6-415E-89E3-B3E0ED853883}
		{D8DB3C03-DFF2-4E38-B7B7-FEDE120FC2C3} = {EC6C388A-B1F6-415E-89E3-B3E0ED853883}
		{EA9E2081-BED4-40BD-82C5-B2E711A85658} = {EC6C388A-B1F6-415E-89E3-B3E0ED853883}
		{CEDBCCBD-380C-4105-B114-2775F4BF71E7} = {EC6C388A-B1F6-415E-89E3-B3E0ED853883}
		{DD64D100-AD28-43D2-BA85-E6F9E68D7116} = {37D526B5-3BFE-4A4D-9298-2517131E5FEA}
		{098B718E-3646-47BD-B9D8-3B2AD38F1531} = {FE866F6F-0FCC-4829-B835-8815B1A3830B}
		{4B89BC68-CCE9-4A02-8B81-52E229E4F4CB} = {FE866F6F-0FCC-4829-B835-8815B1A3830B}
		{D7FC2368-F8D4-475C-B0D9-4CF088E6348D} = {A521AF1E-DEB5-4679-AF19-1152F5D96EF7}
		{57947CB4-48FF-42D7-988F-B3C5E01C0E53} = {A521AF1E-DEB5-4679-AF19-1152F5D96EF7}
		{8B446804-6669-4466-A84B-DD15955AF962} = {A521AF1E-DEB5-4679-AF19-1152F5D96EF7}
		{4BAF70EC-3DD6-4D44-835B-39BC422A8F88} = {0225AB3E-341E-4FB3-BF80-4C757A0DF40A}
		{4DF6A363-6B0B-43DE-8722-09A0F4A839A2} = {0225AB3E-341E-4FB3-BF80-4C757A0DF40A}
		{69059A47-420B-4DFE-A2FF-03DD0A87CFE4} = {0225AB3E-341E-4FB3-BF80-4C757A0DF40A}
		{8A511B3F-8C20-4AB4-915D-284E8CFF12CC} = {0225AB3E-341E-4FB3-BF80-4C757A0DF40A}
		{81F9E6E3-D5C5-47CB-AD1A-EC0F0260AC84} = {1ED8E637-22B7-4012-B1C7-D7CD1F8AF268}
		{A43B7035-AB02-463E-A857-EFAABA0BFD94} = {1ED8E637-22B7-4012-B1C7-D7CD1F8AF268}
		{26D3217D-A2D4-4BE5-B9D2-C7625090A7B3} = {1ED8E637-22B7-4012-B1C7-D7CD1F8AF268}
		{731DCC99-39D0-4FE9-8B00-F93B434B4795} = {1ED8E637-22B7-4012-B1C7-D7CD1F8AF268}
		{8AFC23E5-9E50-479E-A4F5-5DA8385CB793} = {351650DC-CF8B-4E11-B73C-FC8769B9D945}
		{6C995562-1326-4749-9932-75617C286593} = {C4FFF0B3-0969-4DC7-BB52-A742689C0AEC}
		{19336AE8-4572-49A3-9F1C-65FBF5DBC0E3} = {C4FFF0B3-0969-4DC7-BB52-A742689C0AEC}
		{A24F4DE6-AE4E-438D-A650-0421C40E41CF} = {351650DC-CF8B-4E11-B73C-FC8769B9D945}
		{ADB52BFD-46F1-4CFA-8EDE-2A8F19BA8E66} = {C4FFF0B3-0969-4DC7-BB52-A742689C0AEC}
		{9460E539-CD13-417E-BECA-EADFDA1B2401} = {59F98254-E42C-49E1-B471-64CA9AD5684A}
		{3AA6D9A5-63C6-406F-87A7-8EC9623AD98F} = {59F98254-E42C-49E1-B471-64CA9AD5684A}
		{1FA52EA0-3E1A-4138-B4EA-43D81F1DB486} = {59F98254-E42C-49E1-B471-64CA9AD5684A}
		{93A42EA4-54FB-44DF-B815-DD5E6358DB71} = {59F98254-E42C-49E1-B471-64CA9AD5684A}
		{09B7910F-615F-4C05-94CE-E05234809B3E} = {59F98254-E42C-49E1-B471-64CA9AD5684A}
		{3E1743E8-8105-4CD0-B4BA-3FC9CFD4FB7B} = {1684D2CE-F7BA-4D33-AFC6-1596FC2E75F2}
		{E72F326B-DB60-4B1E-9DDC-CA0309A7D498} = {002B09F5-A9BB-4E51-8180-A44AA061B76F}
		{1A6FD695-A1BE-4277-8433-744067B818B5} = {002B09F5-A9BB-4E51-8180-A44AA061B76F}
		{9172A57D-D010-42C3-A161-02CAE7FB3828} = {59F98254-E42C-49E1-B471-64CA9AD5684A}
		{A65E8FA8-CBF2-4907-992B-1479E13E3222} = {002B09F5-A9BB-4E51-8180-A44AA061B76F}
		{39D33AA8-0150-4CAC-9D6C-C0B8F389ED00} = {04BA779B-BD00-4E23-A892-61B82189592A}
		{4A023093-83BB-4991-A326-5C42D1E053D1} = {04BA779B-BD00-4E23-A892-61B82189592A}
		{796399C6-223C-4024-832E-6D6375FAEC69} = {04BA779B-BD00-4E23-A892-61B82189592A}
		{C2927CD7-1CB5-48BF-A767-86D206CFF945} = {04BA779B-BD00-4E23-A892-61B82189592A}
		{4B1077E4-519E-464D-A2B2-FA60CC145F29} = {04BA779B-BD00-4E23-A892-61B82189592A}
		{48ED908D-4219-464F-B879-E7BA44100C92} = {04BA779B-BD00-4E23-A892-61B82189592A}
		{4AEC86E5-521B-4C8F-B45E-3B9C05E8436B} = {04BA779B-BD00-4E23-A892-61B82189592A}
		{6CE320D0-517D-4CE4-AD38-B2581A0D3BD1} = {04BA779B-BD00-4E23-A892-61B82189592A}
		{0213EF43-FBF8-4009-B468-C28386EB8A32} = {F3A99F0A-1569-4EC5-B369-FC48EE865ACB}
		{DA1D4BF8-9BE4-404B-B94C-FA42008E28A0} = {F3A99F0A-1569-4EC5-B369-FC48EE865ACB}
		{3EF03928-6795-4A48-BAF5-C0C7962C3893} = {F3A99F0A-1569-4EC5-B369-FC48EE865ACB}
		{DFA94D9A-432D-42FE-8CE0-477C856DE91B} = {E97D3D1D-0A73-4BDF-BBF9-996B2812FFB9}
		{CC555BC2-EA1A-422E-8746-D4FF507F92AB} = {E97D3D1D-0A73-4BDF-BBF9-996B2812FFB9}
		{9BD383AF-8FF2-4EF7-AA1E-C4FA7205AF3F} = {E6B46EEE-A02D-4914-A11C-5F8C69EBB8B6}
		{BF0A62B2-AF11-490A-8307-009C6535D4D2} = {E6B46EEE-A02D-4914-A11C-5F8C69EBB8B6}
		{B0E964A4-8392-4B70-9C54-EAB531171C0F} = {99EA5831-7188-4005-B7C3-0BADA7DFCEBC}
		{9204578A-410D-4C8B-9046-97853A052F24} = {99EA5831-7188-4005-B7C3-0BADA7DFCEBC}
		{2ED48AED-2B12-4FFF-B9FA-A979D9EA6B35} = {99EA5831-7188-4005-B7C3-0BADA7DFCEBC}
		{E68574B7-3696-4567-B06F-D9234B222AD7} = {99EA5831-7188-4005-B7C3-0BADA7DFCEBC}
		{51B674A8-206B-4FBE-82BC-2323AE44BCFD} = {E1808999-1CFB-4A93-8C9A-13242FAF4D5C}
		{9999BAB6-798C-47D7-9BC2-36C64C1BB6CD} = {E1808999-1CFB-4A93-8C9A-13242FAF4D5C}
		{D0DFB82C-8106-45B7-AE5C-4987B295BD4D} = {E1808999-1CFB-4A93-8C9A-13242FAF4D5C}
		{39EE5A62-76EC-4C95-8982-DC7459ADA2C2} = {E1808999-1CFB-4A93-8C9A-13242FAF4D5C}
		{4D96F6AD-194D-4C83-AB51-147E5905681B} = {31B14BB5-1975-4604-A8B7-76D98233313F}
		{83590A27-C313-4A6A-BD8B-A45FA3147A69} = {31B14BB5-1975-4604-A8B7-76D98233313F}
		{F80686D3-58C2-47AF-96DA-236F31B702B4} = {99EA5831-7188-4005-B7C3-0BADA7DFCEBC}
		{38545848-9966-4B04-B22B-117393866AD2} = {99C5E26F-DC36-4483-BAD0-590A4CE1AEA9}
		{9E86E16E-A821-4C93-B492-9B7C9BE23E92} = {99C5E26F-DC36-4483-BAD0-590A4CE1AEA9}
		{B1C39604-066F-4CD5-A1A2-9DB88A6BF51B} = {06AEAAB1-B94B-43F8-B026-CCA505D14308}
		{AFF6BDED-2A1F-4D07-A5C0-C16D983D8686} = {06AEAAB1-B94B-43F8-B026-CCA505D14308}
		{980AB7D0-1699-443A-B68D-39DEE5A4C97A} = {06AEAAB1-B94B-43F8-B026-CCA505D14308}
		{8D4A492D-BF0D-44D4-B4E0-463909EE911F} = {06AEAAB1-B94B-43F8-B026-CCA505D14308}
		{BCFC90A0-FD4F-415B-96AB-C032910A21FA} = {06AEAAB1-B94B-43F8-B026-CCA505D14308}
		{7AEF68A5-2B27-4576-BC86-7CABAEF90CC0} = {06AEAAB1-B94B-43F8-B026-CCA505D14308}
		{8654A9A0-69FF-4039-86F0-D5273A9BF45A} = {06AEAAB1-B94B-43F8-B026-CCA505D14308}
	EndGlobalSection
	GlobalSection(ExtensibilityGlobals) = postSolution
		SolutionGuid = {7545F495-6A28-45AE-A645-CE4DC3B877EF}
	EndGlobalSection
EndGlobal
