
Microsoft Visual Studio Solution File, Format Version 12.00
# Visual Studio Version 16
VisualStudioVersion = 16.0.30128.74
MinimumVisualStudioVersion = 10.0.40219.1
Project("{2150E333-8FDC-42A3-9474-1A3956D46DE8}") = "SOLID principles", "SOLID principles", "{EC6C388A-B1F6-415E-89E3-B3E0ED853883}"
EndProject
Project("{FAE04EC0-301F-11D3-BF4B-00C04F79EFBC}") = "SingleResponsibilityPrinciple", "SingleResponsibilityPrinciple\SingleResponsibilityPrinciple.csproj", "{6ADCE98C-E86E-4BB5-817D-00578B4C1EB8}"
EndProject
Project("{FAE04EC0-301F-11D3-BF4B-00C04F79EFBC}") = "OpenClosedPrinciple", "OpenClosedPrinciple\OpenClosedPrinciple.csproj", "{B1EFBEB3-C82C-41CB-9E34-9BF83F42E734}"
EndProject
Project("{FAE04EC0-301F-11D3-BF4B-00C04F79EFBC}") = "LiskovSubstitutionPrinciple", "LiskovSubstitutionPrinciple\LiskovSubstitutionPrinciple.csproj", "{D8DB3C03-DFF2-4E38-B7B7-FEDE120FC2C3}"
EndProject
Project("{FAE04EC0-301F-11D3-BF4B-00C04F79EFBC}") = "InterfaceSegragationPrinciple", "InterfaceSegragationPrinciple\InterfaceSegragationPrinciple.csproj", "{EA9E2081-BED4-40BD-82C5-B2E711A85658}"
EndProject
Global
	GlobalSection(SolutionConfigurationPlatforms) = preSolution
		Debug|Any CPU = Debug|Any CPU
		Release|Any CPU = Release|Any CPU
	EndGlobalSection
	GlobalSection(ProjectConfigurationPlatforms) = postSolution
		{6ADCE98C-E86E-4BB5-817D-00578B4C1EB8}.Debug|Any CPU.ActiveCfg = Debug|Any CPU
		{6ADCE98C-E86E-4BB5-817D-00578B4C1EB8}.Debug|Any CPU.Build.0 = Debug|Any CPU
		{6ADCE98C-E86E-4BB5-817D-00578B4C1EB8}.Release|Any CPU.ActiveCfg = Release|Any CPU
		{6ADCE98C-E86E-4BB5-817D-00578B4C1EB8}.Release|Any CPU.Build.0 = Release|Any CPU
		{B1EFBEB3-C82C-41CB-9E34-9BF83F42E734}.Debug|Any CPU.ActiveCfg = Debug|Any CPU
		{B1EFBEB3-C82C-41CB-9E34-9BF83F42E734}.Debug|Any CPU.Build.0 = Debug|Any CPU
		{B1EFBEB3-C82C-41CB-9E34-9BF83F42E734}.Release|Any CPU.ActiveCfg = Release|Any CPU
		{B1EFBEB3-C82C-41CB-9E34-9BF83F42E734}.Release|Any CPU.Build.0 = Release|Any CPU
		{D8DB3C03-DFF2-4E38-B7B7-FEDE120FC2C3}.Debug|Any CPU.ActiveCfg = Debug|Any CPU
		{D8DB3C03-DFF2-4E38-B7B7-FEDE120FC2C3}.Debug|Any CPU.Build.0 = Debug|Any CPU
		{D8DB3C03-DFF2-4E38-B7B7-FEDE120FC2C3}.Release|Any CPU.ActiveCfg = Release|Any CPU
		{D8DB3C03-DFF2-4E38-B7B7-FEDE120FC2C3}.Release|Any CPU.Build.0 = Release|Any CPU
		{EA9E2081-BED4-40BD-82C5-B2E711A85658}.Debug|Any CPU.ActiveCfg = Debug|Any CPU
		{EA9E2081-BED4-40BD-82C5-B2E711A85658}.Debug|Any CPU.Build.0 = Debug|Any CPU
		{EA9E2081-BED4-40BD-82C5-B2E711A85658}.Release|Any CPU.ActiveCfg = Release|Any CPU
		{EA9E2081-BED4-40BD-82C5-B2E711A85658}.Release|Any CPU.Build.0 = Release|Any CPU
	EndGlobalSection
	GlobalSection(SolutionProperties) = preSolution
		HideSolutionNode = FALSE
	EndGlobalSection
	GlobalSection(NestedProjects) = preSolution
		{6ADCE98C-E86E-4BB5-817D-00578B4C1EB8} = {EC6C388A-B1F6-415E-89E3-B3E0ED853883}
		{B1EFBEB3-C82C-41CB-9E34-9BF83F42E734} = {EC6C388A-B1F6-415E-89E3-B3E0ED853883}
		{D8DB3C03-DFF2-4E38-B7B7-FEDE120FC2C3} = {EC6C388A-B1F6-415E-89E3-B3E0ED853883}
		{EA9E2081-BED4-40BD-82C5-B2E711A85658} = {EC6C388A-B1F6-415E-89E3-B3E0ED853883}
	EndGlobalSection
	GlobalSection(ExtensibilityGlobals) = postSolution
		SolutionGuid = {7545F495-6A28-45AE-A645-CE4DC3B877EF}
	EndGlobalSection
EndGlobal
